
Microsoft Visual Studio Solution File, Format Version 12.00
# Visual Studio Version 17
VisualStudioVersion = 17.6.33829.357
MinimumVisualStudioVersion = 10.0.40219.1
Project("{9A19103F-16F7-4668-BE54-9A1E7A4F7556}") = "C4S.Shared", "C4S.Shared\C4S.Shared.csproj", "{BD3729AF-099A-49E2-84C7-1A10DAB72E0F}"
EndProject
Project("{9A19103F-16F7-4668-BE54-9A1E7A4F7556}") = "C4S.API", "C4S.API\C4S.API.csproj", "{23ADC216-4E56-4CDB-AC4E-D63D39F62EBD}"
EndProject
Project("{9A19103F-16F7-4668-BE54-9A1E7A4F7556}") = "C4S.DB", "C4S.DB\C4S.DB.csproj", "{73FB0BE6-44EC-4C59-BD1F-BDA137AA6CEA}"
EndProject
Project("{9A19103F-16F7-4668-BE54-9A1E7A4F7556}") = "C4S.Services", "C4S.Services\C4S.Services.csproj", "{0BBB951F-4722-4B09-93A3-BDA0A730403B}"
EndProject
Project("{E53339B2-1760-4266-BCC7-CA923CBCF16C}") = "docker-compose", "docker-compose.dcproj", "{8AD88260-2800-48B8-80BB-7B03781B7569}"
EndProject
Global
	GlobalSection(SolutionConfigurationPlatforms) = preSolution
		Debug|Any CPU = Debug|Any CPU
		Release|Any CPU = Release|Any CPU
	EndGlobalSection
	GlobalSection(ProjectConfigurationPlatforms) = postSolution
		{BD3729AF-099A-49E2-84C7-1A10DAB72E0F}.Debug|Any CPU.ActiveCfg = Debug|Any CPU
		{BD3729AF-099A-49E2-84C7-1A10DAB72E0F}.Debug|Any CPU.Build.0 = Debug|Any CPU
		{BD3729AF-099A-49E2-84C7-1A10DAB72E0F}.Release|Any CPU.ActiveCfg = Release|Any CPU
		{BD3729AF-099A-49E2-84C7-1A10DAB72E0F}.Release|Any CPU.Build.0 = Release|Any CPU
		{23ADC216-4E56-4CDB-AC4E-D63D39F62EBD}.Debug|Any CPU.ActiveCfg = Debug|Any CPU
		{23ADC216-4E56-4CDB-AC4E-D63D39F62EBD}.Debug|Any CPU.Build.0 = Debug|Any CPU
		{23ADC216-4E56-4CDB-AC4E-D63D39F62EBD}.Release|Any CPU.ActiveCfg = Release|Any CPU
		{23ADC216-4E56-4CDB-AC4E-D63D39F62EBD}.Release|Any CPU.Build.0 = Release|Any CPU
		{73FB0BE6-44EC-4C59-BD1F-BDA137AA6CEA}.Debug|Any CPU.ActiveCfg = Debug|Any CPU
		{73FB0BE6-44EC-4C59-BD1F-BDA137AA6CEA}.Debug|Any CPU.Build.0 = Debug|Any CPU
		{73FB0BE6-44EC-4C59-BD1F-BDA137AA6CEA}.Release|Any CPU.ActiveCfg = Release|Any CPU
		{73FB0BE6-44EC-4C59-BD1F-BDA137AA6CEA}.Release|Any CPU.Build.0 = Release|Any CPU
		{0BBB951F-4722-4B09-93A3-BDA0A730403B}.Debug|Any CPU.ActiveCfg = Debug|Any CPU
		{0BBB951F-4722-4B09-93A3-BDA0A730403B}.Debug|Any CPU.Build.0 = Debug|Any CPU
		{0BBB951F-4722-4B09-93A3-BDA0A730403B}.Release|Any CPU.ActiveCfg = Release|Any CPU
		{0BBB951F-4722-4B09-93A3-BDA0A730403B}.Release|Any CPU.Build.0 = Release|Any CPU
		{8AD88260-2800-48B8-80BB-7B03781B7569}.Debug|Any CPU.ActiveCfg = Debug|Any CPU
		{8AD88260-2800-48B8-80BB-7B03781B7569}.Debug|Any CPU.Build.0 = Debug|Any CPU
		{8AD88260-2800-48B8-80BB-7B03781B7569}.Release|Any CPU.ActiveCfg = Release|Any CPU
		{8AD88260-2800-48B8-80BB-7B03781B7569}.Release|Any CPU.Build.0 = Release|Any CPU
	EndGlobalSection
	GlobalSection(SolutionProperties) = preSolution
		HideSolutionNode = FALSE
	EndGlobalSection
	GlobalSection(ExtensibilityGlobals) = postSolution
		SolutionGuid = {5BD545C6-693A-41CD-A71C-69F11743BBDC}
	EndGlobalSection
EndGlobal
